<?xml version="1.0" encoding="utf-8"?>
<Project ToolsVersion="4.0" xmlns="http://schemas.microsoft.com/developer/msbuild/2003">
  <ItemGroup>
    <ClCompile Include="..\..\..\..\..\..\OpenGL\imGui\imgui.cpp" />
    <ClCompile Include="..\..\..\..\..\..\OpenGL\imGui\imgui_demo.cpp" />
    <ClCompile Include="..\..\..\..\..\..\OpenGL\imGui\imgui_draw.cpp" />
    <ClCompile Include="..\..\..\..\..\..\OpenGL\imGui\imgui_widgets.cpp" />
    <ClCompile Include="Area.cpp" />
    <ClCompile Include="BaseModel.cpp" />
    <ClCompile Include="CrossSectionPlane.cpp" />
    <ClCompile Include="imgui_impl_glfw.cpp" />
    <ClCompile Include="imgui_impl_opengl3.cpp" />
    <ClCompile Include="main.cpp" />
    <ClCompile Include="Plane.cpp" />
    <ClCompile Include="Ruler.cpp" />
    <ClCompile Include="stb_image.cpp" />
    <ClCompile Include="MyCube.cpp" />
    <ClCompile Include="Character.cpp" />
    <ClCompile Include="MySphere.cpp" />
    <ClCompile Include="glad.c" />
    <ClCompile Include="utils.cpp" />
  </ItemGroup>
  <ItemGroup>
    <ClInclude Include="..\..\..\..\..\..\OpenGL\imGui\imconfig.h" />
    <ClInclude Include="..\..\..\..\..\..\OpenGL\imGui\imgui.h" />
    <ClInclude Include="..\..\..\..\..\..\OpenGL\imGui\imgui_internal.h" />
    <ClInclude Include="..\..\..\..\..\..\OpenGL\imGui\imstb_rectpack.h" />
    <ClInclude Include="..\..\..\..\..\..\OpenGL\imGui\imstb_textedit.h" />
    <ClInclude Include="..\..\..\..\..\..\OpenGL\imGui\imstb_truetype.h" />
    <ClInclude Include="..\..\..\..\大三下\ComputerGraphics\作业\Homework5\Project1\Project1\Triangle.h" />
    <ClInclude Include="Area.h" />
    <ClInclude Include="BaseModel.h" />
    <ClInclude Include="Camera.h" />
    <ClInclude Include="CrossSectionPlane.h" />
    <ClInclude Include="imgui_impl_glfw.h" />
    <ClInclude Include="imgui_impl_opengl3.h" />
    <ClInclude Include="Plane.h" />
    <ClInclude Include="Ruler.h" />
    <ClInclude Include="Shader.h" />
    <ClInclude Include="MyCylinder.h" />
    <ClInclude Include="MyCube.h" />
    <ClInclude Include="Character.h" />
    <ClInclude Include="MySphere.h" />
    <ClInclude Include="utils.h" />
  </ItemGroup>
  <ItemGroup>
    <None Include="camera.frag" />
    <None Include="camera.vs" />
    <None Include="default.frag" />
    <None Include="default.vs" />
    <None Include="imgui.ini" />
    <None Include="phongShader.frag" />
    <None Include="phongShader.vs" />
    <None Include="shadowMappingDepth.vs" />
    <None Include="shadowMappingDepth.frag" />
    <None Include="textureShader.frag" />
    <None Include="textureShader.vs" />
    <None Include="positionShader.vs" />
    <None Include="positionShader.frag" />
    <None Include="MyCylinder.cpp" />
    <None Include="characterShader.vs" />
    <None Include="characterShader.frag" />
    <None Include="voxelizeCount.frag" />
    <None Include="voxelizeCount.vs" />
    <None Include="voxelizeCount.gs" />
  </ItemGroup>
</Project>